
Microsoft Visual Studio Solution File, Format Version 12.00
# Visual Studio 15
VisualStudioVersion = 15.0.28307.645
MinimumVisualStudioVersion = 10.0.40219.1
Project("{FAE04EC0-301F-11D3-BF4B-00C04F79EFBC}") = "DemoMoblieATM", "DemoMoblieATM\DemoMoblieATM.csproj", "{0DCA0CF8-5CE7-46D0-B29B-9E181905903B}"
EndProject
Project("{FAE04EC0-301F-11D3-BF4B-00C04F79EFBC}") = "DemoMobileATM_Library", "DemoMobileATM_Library\DemoMobileATM_Library.csproj", "{8FADFD8F-34EC-448B-BAAF-2A144B7059D1}"
EndProject
Global
	GlobalSection(SolutionConfigurationPlatforms) = preSolution
		Debug|Any CPU = Debug|Any CPU
		Release|Any CPU = Release|Any CPU
	EndGlobalSection
	GlobalSection(ProjectConfigurationPlatforms) = postSolution
		{0DCA0CF8-5CE7-46D0-B29B-9E181905903B}.Debug|Any CPU.ActiveCfg = Debug|Any CPU
		{0DCA0CF8-5CE7-46D0-B29B-9E181905903B}.Debug|Any CPU.Build.0 = Debug|Any CPU
		{0DCA0CF8-5CE7-46D0-B29B-9E181905903B}.Release|Any CPU.ActiveCfg = Release|Any CPU
		{0DCA0CF8-5CE7-46D0-B29B-9E181905903B}.Release|Any CPU.Build.0 = Release|Any CPU
		{8FADFD8F-34EC-448B-BAAF-2A144B7059D1}.Debug|Any CPU.ActiveCfg = Debug|Any CPU
		{8FADFD8F-34EC-448B-BAAF-2A144B7059D1}.Debug|Any CPU.Build.0 = Debug|Any CPU
		{8FADFD8F-34EC-448B-BAAF-2A144B7059D1}.Release|Any CPU.ActiveCfg = Release|Any CPU
		{8FADFD8F-34EC-448B-BAAF-2A144B7059D1}.Release|Any CPU.Build.0 = Release|Any CPU
	EndGlobalSection
	GlobalSection(SolutionProperties) = preSolution
		HideSolutionNode = FALSE
	EndGlobalSection
	GlobalSection(ExtensibilityGlobals) = postSolution
		SolutionGuid = {D079F5E7-EB4D-4D0A-9833-25B20CFDF1A0}
	EndGlobalSection
EndGlobal
